
Microsoft Visual Studio Solution File, Format Version 12.00
# Visual Studio 15
VisualStudioVersion = 15.0.26730.16
MinimumVisualStudioVersion = 10.0.40219.1
Project("{FAE04EC0-301F-11D3-BF4B-00C04F79EFBC}") = "FredflixAndChell.CrossPlatform", "FredflixAndChell.CrossPlatform\FredflixAndChell.CrossPlatform.csproj", "{C3A1E5D4-FAB0-4954-B47C-9194F52D164F}"
EndProject
Project("{FAE04EC0-301F-11D3-BF4B-00C04F79EFBC}") = "FredflixAndChell.Shared", "FredflixAndChell.Shared\FredflixAndChell.Shared.csproj", "{2F914E2C-00AA-49CF-BE39-1E71EEC0FA74}"
EndProject
Global
	GlobalSection(SolutionConfigurationPlatforms) = preSolution
		Debug|Any CPU = Debug|Any CPU
		Debug|x86 = Debug|x86
		Release|Any CPU = Release|Any CPU
		Release|x86 = Release|x86
	EndGlobalSection
	GlobalSection(ProjectConfigurationPlatforms) = postSolution
		{C3A1E5D4-FAB0-4954-B47C-9194F52D164F}.Debug|Any CPU.ActiveCfg = Debug|Any CPU
		{C3A1E5D4-FAB0-4954-B47C-9194F52D164F}.Debug|Any CPU.Build.0 = Debug|Any CPU
		{C3A1E5D4-FAB0-4954-B47C-9194F52D164F}.Debug|x86.ActiveCfg = Debug|Any CPU
		{C3A1E5D4-FAB0-4954-B47C-9194F52D164F}.Debug|x86.Build.0 = Debug|Any CPU
		{C3A1E5D4-FAB0-4954-B47C-9194F52D164F}.Release|Any CPU.ActiveCfg = Release|Any CPU
		{C3A1E5D4-FAB0-4954-B47C-9194F52D164F}.Release|Any CPU.Build.0 = Release|Any CPU
		{C3A1E5D4-FAB0-4954-B47C-9194F52D164F}.Release|x86.ActiveCfg = Release|Any CPU
		{C3A1E5D4-FAB0-4954-B47C-9194F52D164F}.Release|x86.Build.0 = Release|Any CPU
		{2F914E2C-00AA-49CF-BE39-1E71EEC0FA74}.Debug|Any CPU.ActiveCfg = Debug|Any CPU
		{2F914E2C-00AA-49CF-BE39-1E71EEC0FA74}.Debug|Any CPU.Build.0 = Debug|Any CPU
		{2F914E2C-00AA-49CF-BE39-1E71EEC0FA74}.Debug|x86.ActiveCfg = Debug|Any CPU
		{2F914E2C-00AA-49CF-BE39-1E71EEC0FA74}.Debug|x86.Build.0 = Debug|Any CPU
		{2F914E2C-00AA-49CF-BE39-1E71EEC0FA74}.Release|Any CPU.ActiveCfg = Release|Any CPU
		{2F914E2C-00AA-49CF-BE39-1E71EEC0FA74}.Release|Any CPU.Build.0 = Release|Any CPU
		{2F914E2C-00AA-49CF-BE39-1E71EEC0FA74}.Release|x86.ActiveCfg = Release|Any CPU
		{2F914E2C-00AA-49CF-BE39-1E71EEC0FA74}.Release|x86.Build.0 = Release|Any CPU
	EndGlobalSection
	GlobalSection(SolutionProperties) = preSolution
		HideSolutionNode = FALSE
	EndGlobalSection
	GlobalSection(ExtensibilityGlobals) = postSolution
		SolutionGuid = {A18C9A38-BA7E-485F-93D0-CBEFA14A81B4}
	EndGlobalSection
EndGlobal
